
Microsoft Visual Studio Solution File, Format Version 12.00
# Visual Studio Version 17
VisualStudioVersion = 17.9.34728.123
MinimumVisualStudioVersion = 10.0.40219.1
Project("{9A19103F-16F7-4668-BE54-9A1E7A4F7556}") = "TaskTest", "TaskTest\TaskTest.csproj", "{BAE5E084-663B-45D6-B52A-ED5C17DEE1C0}"
EndProject
Global
	GlobalSection(SolutionConfigurationPlatforms) = preSolution
		Debug|Any CPU = Debug|Any CPU
		Release|Any CPU = Release|Any CPU
	EndGlobalSection
	GlobalSection(ProjectConfigurationPlatforms) = postSolution
		{BAE5E084-663B-45D6-B52A-ED5C17DEE1C0}.Debug|Any CPU.ActiveCfg = Debug|Any CPU
		{BAE5E084-663B-45D6-B52A-ED5C17DEE1C0}.Debug|Any CPU.Build.0 = Debug|Any CPU
		{BAE5E084-663B-45D6-B52A-ED5C17DEE1C0}.Release|Any CPU.ActiveCfg = Release|Any CPU
		{BAE5E084-663B-45D6-B52A-ED5C17DEE1C0}.Release|Any CPU.Build.0 = Release|Any CPU
	EndGlobalSection
	GlobalSection(SolutionProperties) = preSolution
		HideSolutionNode = FALSE
	EndGlobalSection
	GlobalSection(ExtensibilityGlobals) = postSolution
		SolutionGuid = {4F7430E2-BF9B-4769-8F67-F541964BB2D1}
	EndGlobalSection
EndGlobal
